
Microsoft Visual Studio Solution File, Format Version 12.00
# Visual Studio Version 17
VisualStudioVersion = 17.9.34728.123
MinimumVisualStudioVersion = 10.0.40219.1
Project("{FAE04EC0-301F-11D3-BF4B-00C04F79EFBC}") = "SchoolManagement", "SchoolManagement\SchoolManagement.csproj", "{7C67354B-0E7B-40C6-B1C5-06E72AA8F116}"
EndProject
Global
	GlobalSection(SolutionConfigurationPlatforms) = preSolution
		Debug|Any CPU = Debug|Any CPU
		Release|Any CPU = Release|Any CPU
	EndGlobalSection
	GlobalSection(ProjectConfigurationPlatforms) = postSolution
		{7C67354B-0E7B-40C6-B1C5-06E72AA8F116}.Debug|Any CPU.ActiveCfg = Debug|Any CPU
		{7C67354B-0E7B-40C6-B1C5-06E72AA8F116}.Debug|Any CPU.Build.0 = Debug|Any CPU
		{7C67354B-0E7B-40C6-B1C5-06E72AA8F116}.Release|Any CPU.ActiveCfg = Release|Any CPU
		{7C67354B-0E7B-40C6-B1C5-06E72AA8F116}.Release|Any CPU.Build.0 = Release|Any CPU
	EndGlobalSection
	GlobalSection(SolutionProperties) = preSolution
		HideSolutionNode = FALSE
	EndGlobalSection
	GlobalSection(ExtensibilityGlobals) = postSolution
		SolutionGuid = {BB75EB49-6255-4992-96C1-C12CE17BB479}
	EndGlobalSection
EndGlobal
